
Microsoft Visual Studio Solution File, Format Version 12.00
# Visual Studio Version 16
VisualStudioVersion = 16.0.32901.82
MinimumVisualStudioVersion = 10.0.40219.1
Project("{FAE04EC0-301F-11D3-BF4B-00C04F79EFBC}") = "FinalProj", "FinalProj\FinalProj.csproj", "{DCF0EE5D-1570-46A7-8E57-0CA65EF95CC8}"
EndProject
Global
	GlobalSection(SolutionConfigurationPlatforms) = preSolution
		Debug|Any CPU = Debug|Any CPU
		Release|Any CPU = Release|Any CPU
	EndGlobalSection
	GlobalSection(ProjectConfigurationPlatforms) = postSolution
		{DCF0EE5D-1570-46A7-8E57-0CA65EF95CC8}.Debug|Any CPU.ActiveCfg = Debug|Any CPU
		{DCF0EE5D-1570-46A7-8E57-0CA65EF95CC8}.Debug|Any CPU.Build.0 = Debug|Any CPU
		{DCF0EE5D-1570-46A7-8E57-0CA65EF95CC8}.Release|Any CPU.ActiveCfg = Release|Any CPU
		{DCF0EE5D-1570-46A7-8E57-0CA65EF95CC8}.Release|Any CPU.Build.0 = Release|Any CPU
	EndGlobalSection
	GlobalSection(SolutionProperties) = preSolution
		HideSolutionNode = FALSE
	EndGlobalSection
	GlobalSection(ExtensibilityGlobals) = postSolution
		SolutionGuid = {691B5EBD-DA8B-4FD1-A2BB-ABC651474FBE}
	EndGlobalSection
EndGlobal
